
Microsoft Visual Studio Solution File, Format Version 12.00
# Visual Studio Version 17
VisualStudioVersion = 17.11.35303.130
MinimumVisualStudioVersion = 10.0.40219.1
Project("{FAE04EC0-301F-11D3-BF4B-00C04F79EFBC}") = "CustomerInfo", "CustomerInfo\CustomerInfo.csproj", "{028569DA-68B5-492A-9F25-61A0A9534E77}"
EndProject
Global
	GlobalSection(SolutionConfigurationPlatforms) = preSolution
		Debug|Any CPU = Debug|Any CPU
		Release|Any CPU = Release|Any CPU
	EndGlobalSection
	GlobalSection(ProjectConfigurationPlatforms) = postSolution
		{028569DA-68B5-492A-9F25-61A0A9534E77}.Debug|Any CPU.ActiveCfg = Debug|Any CPU
		{028569DA-68B5-492A-9F25-61A0A9534E77}.Debug|Any CPU.Build.0 = Debug|Any CPU
		{028569DA-68B5-492A-9F25-61A0A9534E77}.Release|Any CPU.ActiveCfg = Release|Any CPU
		{028569DA-68B5-492A-9F25-61A0A9534E77}.Release|Any CPU.Build.0 = Release|Any CPU
	EndGlobalSection
	GlobalSection(SolutionProperties) = preSolution
		HideSolutionNode = FALSE
	EndGlobalSection
	GlobalSection(ExtensibilityGlobals) = postSolution
		SolutionGuid = {244F10EB-4DE3-4B09-9740-8808064B83A7}
	EndGlobalSection
EndGlobal
